Microsoft Visual Studio Solution File, Format Version 8.00
Project("{FAE04EC0-301F-11D3-BF4B-00C04F79EFBC}") = "HelloWorld", "http://localhost/HelloWorld/HelloWorld.csproj", "{D170DCD2-01A8-4AC5-BAC7-A19DE8731FFE}"
	ProjectSection(ProjectDependencies) = postProject
	EndProjectSection
EndProject
Global
	GlobalSection(SolutionConfiguration) = preSolution
		Debug = Debug
		Release = Release
	EndGlobalSection
	GlobalSection(ProjectConfiguration) = postSolution
		{D170DCD2-01A8-4AC5-BAC7-A19DE8731FFE}.Debug.ActiveCfg = Debug|.NET
		{D170DCD2-01A8-4AC5-BAC7-A19DE8731FFE}.Debug.Build.0 = Debug|.NET
		{D170DCD2-01A8-4AC5-BAC7-A19DE8731FFE}.Release.ActiveCfg = Release|.NET
		{D170DCD2-01A8-4AC5-BAC7-A19DE8731FFE}.Release.Build.0 = Release|.NET
	EndGlobalSection
	GlobalSection(ExtensibilityGlobals) = postSolution
	EndGlobalSection
	GlobalSection(ExtensibilityAddIns) = postSolution
	EndGlobalSection
EndGlobal
